
Microsoft Visual Studio Solution File, Format Version 12.00
# Visual Studio 2012
Project("{FAE04EC0-301F-11D3-BF4B-00C04F79EFBC}") = "cs_image_sorting2", "cs_image_sorting2\cs_image_sorting2.csproj", "{8660A3C7-68EB-4182-9A61-A9AD45C687F6}"
EndProject
Global
	GlobalSection(SolutionConfigurationPlatforms) = preSolution
		Debug|Any CPU = Debug|Any CPU
		Release|Any CPU = Release|Any CPU
	EndGlobalSection
	GlobalSection(ProjectConfigurationPlatforms) = postSolution
		{8660A3C7-68EB-4182-9A61-A9AD45C687F6}.Debug|Any CPU.ActiveCfg = Debug|Any CPU
		{8660A3C7-68EB-4182-9A61-A9AD45C687F6}.Debug|Any CPU.Build.0 = Debug|Any CPU
		{8660A3C7-68EB-4182-9A61-A9AD45C687F6}.Release|Any CPU.ActiveCfg = Release|Any CPU
		{8660A3C7-68EB-4182-9A61-A9AD45C687F6}.Release|Any CPU.Build.0 = Release|Any CPU
	EndGlobalSection
	GlobalSection(SolutionProperties) = preSolution
		HideSolutionNode = FALSE
	EndGlobalSection
EndGlobal
